{
  "nodes": {
    "flake-parts": {
      "inputs": {
        "nixpkgs-lib": [
          "nixpkgs"
        ]
      },
      "locked": {
        "lastModified": 1740872218,
        "narHash": "sha256-ZaMw0pdoUKigLpv9HiNDH2Pjnosg7NBYMJlHTIsHEUo=",
        "owner": "hercules-ci",
        "repo": "flake-parts",
        "rev": "3876f6b87db82f33775b1ef5ea343986105db764",
        "type": "github"
      },
      "original": {
        "owner": "hercules-ci",
        "repo": "flake-parts",
        "type": "github"
      }
    },
    "hercules-ci-effects": {
      "inputs": {
        "flake-parts": [
          "flake-parts"
        ],
        "nixpkgs": [
          "nixpkgs"
        ]
      },
      "locked": {
        "lastModified": 1739595404,
        "narHash": "sha256-0CjCfbq0yHWexOrpO06e2WU1r5JAqR6ffy1zgM3NksI=",
        "owner": "hercules-ci",
        "repo": "hercules-ci-effects",
        "rev": "06519cec8fb32d219006da6eacd255504a9996af",
        "type": "github"
      },
      "original": {
        "owner": "hercules-ci",
        "repo": "hercules-ci-effects",
        "type": "github"
      }
    },
    "nixpkgs": {
      "locked": {
        "lastModified": 1741010256,
        "narHash": "sha256-WZNlK/KX7Sni0RyqLSqLPbK8k08Kq7H7RijPJbq9KHM=",
        "owner": "NixOS",
        "repo": "nixpkgs",
        "rev": "ba487dbc9d04e0634c64e3b1f0d25839a0a68246",
        "type": "github"
      },
      "original": {
        "owner": "NixOS",
        "ref": "nixos-unstable",
        "repo": "nixpkgs",
        "type": "github"
      }
    },
    "root": {
      "inputs": {
        "flake-parts": "flake-parts",
        "hercules-ci-effects": "hercules-ci-effects",
        "nixpkgs": "nixpkgs"
      }
    }
  },
  "root": "root",
  "version": 7
}
